
Microsoft Visual Studio Solution File, Format Version 12.00
# Visual Studio Version 17
VisualStudioVersion = 17.3.32929.385
MinimumVisualStudioVersion = 10.0.40219.1
Project("{FAE04EC0-301F-11D3-BF4B-00C04F79EFBC}") = "FoodCorner", "FoodCorner.csproj", "{382C78F3-B91A-4CCE-92CA-0DA5FFB560ED}"
EndProject
Global
	GlobalSection(SolutionConfigurationPlatforms) = preSolution
		Debug|Any CPU = Debug|Any CPU
		Release|Any CPU = Release|Any CPU
	EndGlobalSection
	GlobalSection(ProjectConfigurationPlatforms) = postSolution
		{382C78F3-B91A-4CCE-92CA-0DA5FFB560ED}.Debug|Any CPU.ActiveCfg = Debug|Any CPU
		{382C78F3-B91A-4CCE-92CA-0DA5FFB560ED}.Debug|Any CPU.Build.0 = Debug|Any CPU
		{382C78F3-B91A-4CCE-92CA-0DA5FFB560ED}.Release|Any CPU.ActiveCfg = Release|Any CPU
		{382C78F3-B91A-4CCE-92CA-0DA5FFB560ED}.Release|Any CPU.Build.0 = Release|Any CPU
	EndGlobalSection
	GlobalSection(SolutionProperties) = preSolution
		HideSolutionNode = FALSE
	EndGlobalSection
	GlobalSection(ExtensibilityGlobals) = postSolution
		SolutionGuid = {201B25B6-DFDC-438E-9D94-35DA0BFCCC6C}
	EndGlobalSection
EndGlobal
